// !$*UTF8*$!
{
	archiveVersion = 1;
	classes = {
	};
	objectVersion = 56;
	objects = {

/* Begin PBXBuildFile section */
		F40678642B89E878002CC2E2 /* FeedUIIntegrationTests.swift in Sources */ = {isa = PBXBuildFile; fileRef = F40678632B89E878002CC2E2 /* FeedUIIntegrationTests.swift */; };
		F40678652B89E8A5002CC2E2 /* FeedUIComposer.swift in Sources */ = {isa = PBXBuildFile; fileRef = F40678612B89E869002CC2E2 /* FeedUIComposer.swift */; };
		F40678672B89EA1A002CC2E2 /* FeedAcceptanceTests.swift in Sources */ = {isa = PBXBuildFile; fileRef = F40678662B89EA1A002CC2E2 /* FeedAcceptanceTests.swift */; };
		F4263B072B9052560057B75C /* LoadResourcePresentationAdapter.swift in Sources */ = {isa = PBXBuildFile; fileRef = F4263B062B9052560057B75C /* LoadResourcePresentationAdapter.swift */; };
		F42BE1662B95B5CC0033007F /* CommentsUIIntegrationTests.swift in Sources */ = {isa = PBXBuildFile; fileRef = F42BE1652B95B5CC0033007F /* CommentsUIIntegrationTests.swift */; };
		F42BE1682B95B9680033007F /* CommentsUIComposer.swift in Sources */ = {isa = PBXBuildFile; fileRef = F42BE1672B95B9680033007F /* CommentsUIComposer.swift */; };
		F42BE16E2B95D97A0033007F /* ImageCommentsEndpointTests.swift in Sources */ = {isa = PBXBuildFile; fileRef = F42BE16D2B95D97A0033007F /* ImageCommentsEndpointTests.swift */; };
		F42BE1702B95D98B0033007F /* FeedEndpointTests.swift in Sources */ = {isa = PBXBuildFile; fileRef = F42BE16F2B95D98B0033007F /* FeedEndpointTests.swift */; };
		F4562A602B869A78001FDEFA /* XCTestCase+MemoryLeakTracking.swift in Sources */ = {isa = PBXBuildFile; fileRef = F4562A5F2B869A78001FDEFA /* XCTestCase+MemoryLeakTracking.swift */; };
		F4562A622B869B10001FDEFA /* SharedTestHelpers.swift in Sources */ = {isa = PBXBuildFile; fileRef = F4562A612B869B10001FDEFA /* SharedTestHelpers.swift */; };
		F4C1D2392B88D22A0016476B /* SceneDelegateTests.swift in Sources */ = {isa = PBXBuildFile; fileRef = F4C1D2382B88D22A0016476B /* SceneDelegateTests.swift */; };
		F4D2AEB32B860E9300E73F73 /* AppDelegate.swift in Sources */ = {isa = PBXBuildFile; fileRef = F4D2AEB22B860E9300E73F73 /* AppDelegate.swift */; };
		F4D2AEB52B860E9300E73F73 /* SceneDelegate.swift in Sources */ = {isa = PBXBuildFile; fileRef = F4D2AEB42B860E9300E73F73 /* SceneDelegate.swift */; };
		F4D2AEBC2B860E9600E73F73 /* Assets.xcassets in Resources */ = {isa = PBXBuildFile; fileRef = F4D2AEBB2B860E9600E73F73 /* Assets.xcassets */; };
		F4D2AEBF2B860E9600E73F73 /* LaunchScreen.storyboard in Resources */ = {isa = PBXBuildFile; fileRef = F4D2AEBD2B860E9600E73F73 /* LaunchScreen.storyboard */; };
		F4D2AEC92B860F3100E73F73 /* EssentialFeed.framework in Frameworks */ = {isa = PBXBuildFile; fileRef = F4D2AEC72B860F3100E73F73 /* EssentialFeed.framework */; };
		F4D2AECA2B860F3100E73F73 /* EssentialFeed.framework in Embed Frameworks */ = {isa = PBXBuildFile; fileRef = F4D2AEC72B860F3100E73F73 /* EssentialFeed.framework */; settings = {ATTRIBUTES = (CodeSignOnCopy, RemoveHeadersOnCopy, ); }; };
		F4D2AECB2B860F3100E73F73 /* EssentialFeediOS.framework in Frameworks */ = {isa = PBXBuildFile; fileRef = F4D2AEC82B860F3100E73F73 /* EssentialFeediOS.framework */; };
		F4D2AECC2B860F3100E73F73 /* EssentialFeediOS.framework in Embed Frameworks */ = {isa = PBXBuildFile; fileRef = F4D2AEC82B860F3100E73F73 /* EssentialFeediOS.framework */; settings = {ATTRIBUTES = (CodeSignOnCopy, RemoveHeadersOnCopy, ); }; };
		F4F5A37F2B8A1C2C0092EA71 /* UIImage+TestHelpers.swift in Sources */ = {isa = PBXBuildFile; fileRef = F4F5A37E2B8A1C2C0092EA71 /* UIImage+TestHelpers.swift */; };
/* End PBXBuildFile section */

/* Begin PBXContainerItemProxy section */
		F4562A4B2B86602F001FDEFA /* PBXContainerItemProxy */ = {
			isa = PBXContainerItemProxy;
			containerPortal = F4D2AEA72B860E9300E73F73 /* Project object */;
			proxyType = 1;
			remoteGlobalIDString = F4D2AEAE2B860E9300E73F73;
			remoteInfo = EssentialApp;
		};
/* End PBXContainerItemProxy section */

/* Begin PBXCopyFilesBuildPhase section */
		F4D2AECD2B860F3100E73F73 /* Embed Frameworks */ = {
			isa = PBXCopyFilesBuildPhase;
			buildActionMask = 2147483647;
			dstPath = "";
			dstSubfolderSpec = 10;
			files = (
				F4D2AECA2B860F3100E73F73 /* EssentialFeed.framework in Embed Frameworks */,
				F4D2AECC2B860F3100E73F73 /* EssentialFeediOS.framework in Embed Frameworks */,
			);
			name = "Embed Frameworks";
			runOnlyForDeploymentPostprocessing = 0;
		};
/* End PBXCopyFilesBuildPhase section */

/* Begin PBXFileReference section */
		F40678612B89E869002CC2E2 /* FeedUIComposer.swift */ = {isa = PBXFileReference; lastKnownFileType = sourcecode.swift; path = FeedUIComposer.swift; sourceTree = "<group>"; };
		F40678632B89E878002CC2E2 /* FeedUIIntegrationTests.swift */ = {isa = PBXFileReference; indentWidth = 2; lastKnownFileType = sourcecode.swift; path = FeedUIIntegrationTests.swift; sourceTree = "<group>"; };
		F40678662B89EA1A002CC2E2 /* FeedAcceptanceTests.swift */ = {isa = PBXFileReference; lastKnownFileType = sourcecode.swift; path = FeedAcceptanceTests.swift; sourceTree = "<group>"; };
		F4263B062B9052560057B75C /* LoadResourcePresentationAdapter.swift */ = {isa = PBXFileReference; lastKnownFileType = sourcecode.swift; path = LoadResourcePresentationAdapter.swift; sourceTree = "<group>"; };
		F42BE1652B95B5CC0033007F /* CommentsUIIntegrationTests.swift */ = {isa = PBXFileReference; lastKnownFileType = sourcecode.swift; path = CommentsUIIntegrationTests.swift; sourceTree = "<group>"; };
		F42BE1672B95B9680033007F /* CommentsUIComposer.swift */ = {isa = PBXFileReference; fileEncoding = 4; lastKnownFileType = sourcecode.swift; path = CommentsUIComposer.swift; sourceTree = "<group>"; };
		F42BE16D2B95D97A0033007F /* ImageCommentsEndpointTests.swift */ = {isa = PBXFileReference; lastKnownFileType = sourcecode.swift; path = ImageCommentsEndpointTests.swift; sourceTree = "<group>"; };
		F42BE16F2B95D98B0033007F /* FeedEndpointTests.swift */ = {isa = PBXFileReference; lastKnownFileType = sourcecode.swift; path = FeedEndpointTests.swift; sourceTree = "<group>"; };
		F4562A472B86602F001FDEFA /* EssentialAppTests.xctest */ = {isa = PBXFileReference; explicitFileType = wrapper.cfbundle; includeInIndex = 0; path = EssentialAppTests.xctest; sourceTree = BUILT_PRODUCTS_DIR; };
		F4562A5F2B869A78001FDEFA /* XCTestCase+MemoryLeakTracking.swift */ = {isa = PBXFileReference; lastKnownFileType = sourcecode.swift; path = "XCTestCase+MemoryLeakTracking.swift"; sourceTree = "<group>"; };
		F4562A612B869B10001FDEFA /* SharedTestHelpers.swift */ = {isa = PBXFileReference; lastKnownFileType = sourcecode.swift; path = SharedTestHelpers.swift; sourceTree = "<group>"; };
		F4C1D2382B88D22A0016476B /* SceneDelegateTests.swift */ = {isa = PBXFileReference; lastKnownFileType = sourcecode.swift; path = SceneDelegateTests.swift; sourceTree = "<group>"; };
		F4D2AEAF2B860E9300E73F73 /* EssentialApp.app */ = {isa = PBXFileReference; explicitFileType = wrapper.application; includeInIndex = 0; path = EssentialApp.app; sourceTree = BUILT_PRODUCTS_DIR; };
		F4D2AEB22B860E9300E73F73 /* AppDelegate.swift */ = {isa = PBXFileReference; lastKnownFileType = sourcecode.swift; path = AppDelegate.swift; sourceTree = "<group>"; };
		F4D2AEB42B860E9300E73F73 /* SceneDelegate.swift */ = {isa = PBXFileReference; lastKnownFileType = sourcecode.swift; path = SceneDelegate.swift; sourceTree = "<group>"; };
		F4D2AEBB2B860E9600E73F73 /* Assets.xcassets */ = {isa = PBXFileReference; lastKnownFileType = folder.assetcatalog; path = Assets.xcassets; sourceTree = "<group>"; };
		F4D2AEBE2B860E9600E73F73 /* Base */ = {isa = PBXFileReference; lastKnownFileType = file.storyboard; name = Base; path = Base.lproj/LaunchScreen.storyboard; sourceTree = "<group>"; };
		F4D2AEC02B860E9600E73F73 /* Info.plist */ = {isa = PBXFileReference; lastKnownFileType = text.plist.xml; path = Info.plist; sourceTree = "<group>"; };
		F4D2AEC72B860F3100E73F73 /* EssentialFeed.framework */ = {isa = PBXFileReference; explicitFileType = wrapper.framework; path = EssentialFeed.framework; sourceTree = BUILT_PRODUCTS_DIR; };
		F4D2AEC82B860F3100E73F73 /* EssentialFeediOS.framework */ = {isa = PBXFileReference; explicitFileType = wrapper.framework; path = EssentialFeediOS.framework; sourceTree = BUILT_PRODUCTS_DIR; };
		F4F5A37E2B8A1C2C0092EA71 /* UIImage+TestHelpers.swift */ = {isa = PBXFileReference; lastKnownFileType = sourcecode.swift; path = "UIImage+TestHelpers.swift"; sourceTree = "<group>"; };
/* End PBXFileReference section */

/* Begin PBXFrameworksBuildPhase section */
		F4562A442B86602F001FDEFA /* Frameworks */ = {
			isa = PBXFrameworksBuildPhase;
			buildActionMask = 2147483647;
			files = (
			);
			runOnlyForDeploymentPostprocessing = 0;
		};
		F4D2AEAC2B860E9300E73F73 /* Frameworks */ = {
			isa = PBXFrameworksBuildPhase;
			buildActionMask = 2147483647;
			files = (
				F4D2AEC92B860F3100E73F73 /* EssentialFeed.framework in Frameworks */,
				F4D2AECB2B860F3100E73F73 /* EssentialFeediOS.framework in Frameworks */,
			);
			runOnlyForDeploymentPostprocessing = 0;
		};
/* End PBXFrameworksBuildPhase section */

/* Begin PBXGroup section */
		F4562A482B86602F001FDEFA /* EssentialAppTests */ = {
			isa = PBXGroup;
			children = (
				F4562A5E2B869A5A001FDEFA /* Helpers */,
				F4C1D2382B88D22A0016476B /* SceneDelegateTests.swift */,
				F40678662B89EA1A002CC2E2 /* FeedAcceptanceTests.swift */,
				F40678632B89E878002CC2E2 /* FeedUIIntegrationTests.swift */,
				F42BE1652B95B5CC0033007F /* CommentsUIIntegrationTests.swift */,
				F42BE16D2B95D97A0033007F /* ImageCommentsEndpointTests.swift */,
				F42BE16F2B95D98B0033007F /* FeedEndpointTests.swift */,
			);
			path = EssentialAppTests;
			sourceTree = "<group>";
		};
		F4562A5E2B869A5A001FDEFA /* Helpers */ = {
			isa = PBXGroup;
			children = (
				F4562A5F2B869A78001FDEFA /* XCTestCase+MemoryLeakTracking.swift */,
				F4562A612B869B10001FDEFA /* SharedTestHelpers.swift */,
				F4F5A37E2B8A1C2C0092EA71 /* UIImage+TestHelpers.swift */,
			);
			path = Helpers;
			sourceTree = "<group>";
		};
		F4D2AEA62B860E9300E73F73 = {
			isa = PBXGroup;
			children = (
				F4D2AEB12B860E9300E73F73 /* EssentialApp */,
				F4562A482B86602F001FDEFA /* EssentialAppTests */,
				F4D2AEB02B860E9300E73F73 /* Products */,
				F4D2AEC62B860F3100E73F73 /* Frameworks */,
			);
			sourceTree = "<group>";
		};
		F4D2AEB02B860E9300E73F73 /* Products */ = {
			isa = PBXGroup;
			children = (
				F4D2AEAF2B860E9300E73F73 /* EssentialApp.app */,
				F4562A472B86602F001FDEFA /* EssentialAppTests.xctest */,
			);
			name = Products;
			sourceTree = "<group>";
		};
		F4D2AEB12B860E9300E73F73 /* EssentialApp */ = {
			isa = PBXGroup;
			children = (
				F4D2AEB22B860E9300E73F73 /* AppDelegate.swift */,
				F4D2AEB42B860E9300E73F73 /* SceneDelegate.swift */,
				F4D2AEBB2B860E9600E73F73 /* Assets.xcassets */,
				F4D2AEBD2B860E9600E73F73 /* LaunchScreen.storyboard */,
				F4D2AEC02B860E9600E73F73 /* Info.plist */,
				F40678612B89E869002CC2E2 /* FeedUIComposer.swift */,
				F42BE1672B95B9680033007F /* CommentsUIComposer.swift */,
				F4263B062B9052560057B75C /* LoadResourcePresentationAdapter.swift */,
			);
			path = EssentialApp;
			sourceTree = "<group>";
		};
		F4D2AEC62B860F3100E73F73 /* Frameworks */ = {
			isa = PBXGroup;
			children = (
				F4D2AEC72B860F3100E73F73 /* EssentialFeed.framework */,
				F4D2AEC82B860F3100E73F73 /* EssentialFeediOS.framework */,
			);
			name = Frameworks;
			sourceTree = "<group>";
		};
/* End PBXGroup section */

/* Begin PBXNativeTarget section */
		F4562A462B86602F001FDEFA /* EssentialAppTests */ = {
			isa = PBXNativeTarget;
			buildConfigurationList = F4562A4D2B866030001FDEFA /* Build configuration list for PBXNativeTarget "EssentialAppTests" */;
			buildPhases = (
				F4562A432B86602F001FDEFA /* Sources */,
				F4562A442B86602F001FDEFA /* Frameworks */,
				F4562A452B86602F001FDEFA /* Resources */,
			);
			buildRules = (
			);
			dependencies = (
				F4562A4C2B86602F001FDEFA /* PBXTargetDependency */,
			);
			name = EssentialAppTests;
			productName = EssentialAppTests;
			productReference = F4562A472B86602F001FDEFA /* EssentialAppTests.xctest */;
			productType = "com.apple.product-type.bundle.unit-test";
		};
		F4D2AEAE2B860E9300E73F73 /* EssentialApp */ = {
			isa = PBXNativeTarget;
			buildConfigurationList = F4D2AEC32B860E9600E73F73 /* Build configuration list for PBXNativeTarget "EssentialApp" */;
			buildPhases = (
				F4D2AEAB2B860E9300E73F73 /* Sources */,
				F4D2AEAC2B860E9300E73F73 /* Frameworks */,
				F4D2AEAD2B860E9300E73F73 /* Resources */,
				F4D2AECD2B860F3100E73F73 /* Embed Frameworks */,
			);
			buildRules = (
			);
			dependencies = (
			);
			name = EssentialApp;
			productName = EssentialApp;
			productReference = F4D2AEAF2B860E9300E73F73 /* EssentialApp.app */;
			productType = "com.apple.product-type.application";
		};
/* End PBXNativeTarget section */

/* Begin PBXProject section */
		F4D2AEA72B860E9300E73F73 /* Project object */ = {
			isa = PBXProject;
			attributes = {
				BuildIndependentTargetsInParallel = 1;
				LastSwiftUpdateCheck = 1520;
				LastUpgradeCheck = 1520;
				TargetAttributes = {
					F4562A462B86602F001FDEFA = {
						CreatedOnToolsVersion = 15.2;
						TestTargetID = F4D2AEAE2B860E9300E73F73;
					};
					F4D2AEAE2B860E9300E73F73 = {
						CreatedOnToolsVersion = 15.2;
					};
				};
			};
			buildConfigurationList = F4D2AEAA2B860E9300E73F73 /* Build configuration list for PBXProject "EssentialApp" */;
			compatibilityVersion = "Xcode 14.0";
			developmentRegion = en;
			hasScannedForEncodings = 0;
			knownRegions = (
				en,
				Base,
			);
			mainGroup = F4D2AEA62B860E9300E73F73;
			productRefGroup = F4D2AEB02B860E9300E73F73 /* Products */;
			projectDirPath = "";
			projectRoot = "";
			targets = (
				F4D2AEAE2B860E9300E73F73 /* EssentialApp */,
				F4562A462B86602F001FDEFA /* EssentialAppTests */,
			);
		};
/* End PBXProject section */

/* Begin PBXResourcesBuildPhase section */
		F4562A452B86602F001FDEFA /* Resources */ = {
			isa = PBXResourcesBuildPhase;
			buildActionMask = 2147483647;
			files = (
			);
			runOnlyForDeploymentPostprocessing = 0;
		};
		F4D2AEAD2B860E9300E73F73 /* Resources */ = {
			isa = PBXResourcesBuildPhase;
			buildActionMask = 2147483647;
			files = (
				F4D2AEBF2B860E9600E73F73 /* LaunchScreen.storyboard in Resources */,
				F4D2AEBC2B860E9600E73F73 /* Assets.xcassets in Resources */,
			);
			runOnlyForDeploymentPostprocessing = 0;
		};
/* End PBXResourcesBuildPhase section */

/* Begin PBXSourcesBuildPhase section */
		F4562A432B86602F001FDEFA /* Sources */ = {
			isa = PBXSourcesBuildPhase;
			buildActionMask = 2147483647;
			files = (
				F42BE16E2B95D97A0033007F /* ImageCommentsEndpointTests.swift in Sources */,
				F4562A622B869B10001FDEFA /* SharedTestHelpers.swift in Sources */,
				F42BE1662B95B5CC0033007F /* CommentsUIIntegrationTests.swift in Sources */,
				F4C1D2392B88D22A0016476B /* SceneDelegateTests.swift in Sources */,
				F4F5A37F2B8A1C2C0092EA71 /* UIImage+TestHelpers.swift in Sources */,
				F40678672B89EA1A002CC2E2 /* FeedAcceptanceTests.swift in Sources */,
				F42BE1702B95D98B0033007F /* FeedEndpointTests.swift in Sources */,
				F40678642B89E878002CC2E2 /* FeedUIIntegrationTests.swift in Sources */,
				F4562A602B869A78001FDEFA /* XCTestCase+MemoryLeakTracking.swift in Sources */,
			);
			runOnlyForDeploymentPostprocessing = 0;
		};
		F4D2AEAB2B860E9300E73F73 /* Sources */ = {
			isa = PBXSourcesBuildPhase;
			buildActionMask = 2147483647;
			files = (
				F40678652B89E8A5002CC2E2 /* FeedUIComposer.swift in Sources */,
				F4D2AEB32B860E9300E73F73 /* AppDelegate.swift in Sources */,
				F4263B072B9052560057B75C /* LoadResourcePresentationAdapter.swift in Sources */,
				F4D2AEB52B860E9300E73F73 /* SceneDelegate.swift in Sources */,
				F42BE1682B95B9680033007F /* CommentsUIComposer.swift in Sources */,
			);
			runOnlyForDeploymentPostprocessing = 0;
		};
/* End PBXSourcesBuildPhase section */

/* Begin PBXTargetDependency section */
		F4562A4C2B86602F001FDEFA /* PBXTargetDependency */ = {
			isa = PBXTargetDependency;
			target = F4D2AEAE2B860E9300E73F73 /* EssentialApp */;
			targetProxy = F4562A4B2B86602F001FDEFA /* PBXContainerItemProxy */;
		};
/* End PBXTargetDependency section */

/* Begin PBXVariantGroup section */
		F4D2AEBD2B860E9600E73F73 /* LaunchScreen.storyboard */ = {
			isa = PBXVariantGroup;
			children = (
				F4D2AEBE2B860E9600E73F73 /* Base */,
			);
			name = LaunchScreen.storyboard;
			sourceTree = "<group>";
		};
/* End PBXVariantGroup section */

/* Begin XCBuildConfiguration section */
		F4562A4E2B866030001FDEFA /* Debug */ = {
			isa = XCBuildConfiguration;
			buildSettings = {
				BUNDLE_LOADER = "$(TEST_HOST)";
				CODE_SIGN_STYLE = Automatic;
				CURRENT_PROJECT_VERSION = 1;
				DEVELOPMENT_TEAM = SC3D86JVL3;
				GENERATE_INFOPLIST_FILE = YES;
				MARKETING_VERSION = 1.0;
				PRODUCT_BUNDLE_IDENTIFIER = com.afsal.EssentialFeed.EssentialAppTests;
				PRODUCT_NAME = "$(TARGET_NAME)";
				SWIFT_EMIT_LOC_STRINGS = NO;
				SWIFT_VERSION = 5.0;
				TARGETED_DEVICE_FAMILY = "1,2";
				TEST_HOST = "$(BUILT_PRODUCTS_DIR)/EssentialApp.app/$(BUNDLE_EXECUTABLE_FOLDER_PATH)/EssentialApp";
			};
			name = Debug;
		};
		F4562A4F2B866030001FDEFA /* Release */ = {
			isa = XCBuildConfiguration;
			buildSettings = {
				BUNDLE_LOADER = "$(TEST_HOST)";
				CODE_SIGN_STYLE = Automatic;
				CURRENT_PROJECT_VERSION = 1;
				DEVELOPMENT_TEAM = SC3D86JVL3;
				GENERATE_INFOPLIST_FILE = YES;
				MARKETING_VERSION = 1.0;
				PRODUCT_BUNDLE_IDENTIFIER = com.afsal.EssentialFeed.EssentialAppTests;
				PRODUCT_NAME = "$(TARGET_NAME)";
				SWIFT_EMIT_LOC_STRINGS = NO;
				SWIFT_VERSION = 5.0;
				TARGETED_DEVICE_FAMILY = "1,2";
				TEST_HOST = "$(BUILT_PRODUCTS_DIR)/EssentialApp.app/$(BUNDLE_EXECUTABLE_FOLDER_PATH)/EssentialApp";
			};
			name = Release;
		};
		F4D2AEC12B860E9600E73F73 /* Debug */ = {
			isa = XCBuildConfiguration;
			buildSettings = {
				ALWAYS_SEARCH_USER_PATHS = NO;
				ASSETCATALOG_COMPILER_GENERATE_SWIFT_ASSET_SYMBOL_EXTENSIONS = YES;
				CLANG_ANALYZER_NONNULL = YES;
				CLANG_ANALYZER_NUMBER_OBJECT_CONVERSION = YES_AGGRESSIVE;
				CLANG_CXX_LANGUAGE_STANDARD = "gnu++20";
				CLANG_ENABLE_MODULES = YES;
				CLANG_ENABLE_OBJC_ARC = YES;
				CLANG_ENABLE_OBJC_WEAK = YES;
				CLANG_WARN_BLOCK_CAPTURE_AUTORELEASING = YES;
				CLANG_WARN_BOOL_CONVERSION = YES;
				CLANG_WARN_COMMA = YES;
				CLANG_WARN_CONSTANT_CONVERSION = YES;
				CLANG_WARN_DEPRECATED_OBJC_IMPLEMENTATIONS = YES;
				CLANG_WARN_DIRECT_OBJC_ISA_USAGE = YES_ERROR;
				CLANG_WARN_DOCUMENTATION_COMMENTS = YES;
				CLANG_WARN_EMPTY_BODY = YES;
				CLANG_WARN_ENUM_CONVERSION = YES;
				CLANG_WARN_INFINITE_RECURSION = YES;
				CLANG_WARN_INT_CONVERSION = YES;
				CLANG_WARN_NON_LITERAL_NULL_CONVERSION = YES;
				CLANG_WARN_OBJC_IMPLICIT_RETAIN_SELF = YES;
				CLANG_WARN_OBJC_LITERAL_CONVERSION = YES;
				CLANG_WARN_OBJC_ROOT_CLASS = YES_ERROR;
				CLANG_WARN_QUOTED_INCLUDE_IN_FRAMEWORK_HEADER = YES;
				CLANG_WARN_RANGE_LOOP_ANALYSIS = YES;
				CLANG_WARN_STRICT_PROTOTYPES = YES;
				CLANG_WARN_SUSPICIOUS_MOVE = YES;
				CLANG_WARN_UNGUARDED_AVAILABILITY = YES_AGGRESSIVE;
				CLANG_WARN_UNREACHABLE_CODE = YES;
				CLANG_WARN__DUPLICATE_METHOD_MATCH = YES;
				COPY_PHASE_STRIP = NO;
				DEBUG_INFORMATION_FORMAT = dwarf;
				ENABLE_STRICT_OBJC_MSGSEND = YES;
				ENABLE_TESTABILITY = YES;
				ENABLE_USER_SCRIPT_SANDBOXING = YES;
				GCC_C_LANGUAGE_STANDARD = gnu17;
				GCC_DYNAMIC_NO_PIC = NO;
				GCC_NO_COMMON_BLOCKS = YES;
				GCC_OPTIMIZATION_LEVEL = 0;
				GCC_PREPROCESSOR_DEFINITIONS = (
					"DEBUG=1",
					"$(inherited)",
				);
				GCC_WARN_64_TO_32_BIT_CONVERSION = YES;
				GCC_WARN_ABOUT_RETURN_TYPE = YES_ERROR;
				GCC_WARN_UNDECLARED_SELECTOR = YES;
				GCC_WARN_UNINITIALIZED_AUTOS = YES_AGGRESSIVE;
				GCC_WARN_UNUSED_FUNCTION = YES;
				GCC_WARN_UNUSED_VARIABLE = YES;
				IPHONEOS_DEPLOYMENT_TARGET = 17.2;
				LOCALIZATION_PREFERS_STRING_CATALOGS = YES;
				MTL_ENABLE_DEBUG_INFO = INCLUDE_SOURCE;
				MTL_FAST_MATH = YES;
				ONLY_ACTIVE_ARCH = YES;
				SDKROOT = iphoneos;
				SWIFT_ACTIVE_COMPILATION_CONDITIONS = "DEBUG $(inherited)";
				SWIFT_OPTIMIZATION_LEVEL = "-Onone";
			};
			name = Debug;
		};
		F4D2AEC22B860E9600E73F73 /* Release */ = {
			isa = XCBuildConfiguration;
			buildSettings = {
				ALWAYS_SEARCH_USER_PATHS = NO;
				ASSETCATALOG_COMPILER_GENERATE_SWIFT_ASSET_SYMBOL_EXTENSIONS = YES;
				CLANG_ANALYZER_NONNULL = YES;
				CLANG_ANALYZER_NUMBER_OBJECT_CONVERSION = YES_AGGRESSIVE;
				CLANG_CXX_LANGUAGE_STANDARD = "gnu++20";
				CLANG_ENABLE_MODULES = YES;
				CLANG_ENABLE_OBJC_ARC = YES;
				CLANG_ENABLE_OBJC_WEAK = YES;
				CLANG_WARN_BLOCK_CAPTURE_AUTORELEASING = YES;
				CLANG_WARN_BOOL_CONVERSION = YES;
				CLANG_WARN_COMMA = YES;
				CLANG_WARN_CONSTANT_CONVERSION = YES;
				CLANG_WARN_DEPRECATED_OBJC_IMPLEMENTATIONS = YES;
				CLANG_WARN_DIRECT_OBJC_ISA_USAGE = YES_ERROR;
				CLANG_WARN_DOCUMENTATION_COMMENTS = YES;
				CLANG_WARN_EMPTY_BODY = YES;
				CLANG_WARN_ENUM_CONVERSION = YES;
				CLANG_WARN_INFINITE_RECURSION = YES;
				CLANG_WARN_INT_CONVERSION = YES;
				CLANG_WARN_NON_LITERAL_NULL_CONVERSION = YES;
				CLANG_WARN_OBJC_IMPLICIT_RETAIN_SELF = YES;
				CLANG_WARN_OBJC_LITERAL_CONVERSION = YES;
				CLANG_WARN_OBJC_ROOT_CLASS = YES_ERROR;
				CLANG_WARN_QUOTED_INCLUDE_IN_FRAMEWORK_HEADER = YES;
				CLANG_WARN_RANGE_LOOP_ANALYSIS = YES;
				CLANG_WARN_STRICT_PROTOTYPES = YES;
				CLANG_WARN_SUSPICIOUS_MOVE = YES;
				CLANG_WARN_UNGUARDED_AVAILABILITY = YES_AGGRESSIVE;
				CLANG_WARN_UNREACHABLE_CODE = YES;
				CLANG_WARN__DUPLICATE_METHOD_MATCH = YES;
				COPY_PHASE_STRIP = NO;
				DEBUG_INFORMATION_FORMAT = "dwarf-with-dsym";
				ENABLE_NS_ASSERTIONS = NO;
				ENABLE_STRICT_OBJC_MSGSEND = YES;
				ENABLE_USER_SCRIPT_SANDBOXING = YES;
				GCC_C_LANGUAGE_STANDARD = gnu17;
				GCC_NO_COMMON_BLOCKS = YES;
				GCC_WARN_64_TO_32_BIT_CONVERSION = YES;
				GCC_WARN_ABOUT_RETURN_TYPE = YES_ERROR;
				GCC_WARN_UNDECLARED_SELECTOR = YES;
				GCC_WARN_UNINITIALIZED_AUTOS = YES_AGGRESSIVE;
				GCC_WARN_UNUSED_FUNCTION = YES;
				GCC_WARN_UNUSED_VARIABLE = YES;
				IPHONEOS_DEPLOYMENT_TARGET = 17.2;
				LOCALIZATION_PREFERS_STRING_CATALOGS = YES;
				MTL_ENABLE_DEBUG_INFO = NO;
				MTL_FAST_MATH = YES;
				SDKROOT = iphoneos;
				SWIFT_COMPILATION_MODE = wholemodule;
				VALIDATE_PRODUCT = YES;
			};
			name = Release;
		};
		F4D2AEC42B860E9600E73F73 /* Debug */ = {
			isa = XCBuildConfiguration;
			buildSettings = {
				ASSETCATALOG_COMPILER_APPICON_NAME = AppIcon;
				ASSETCATALOG_COMPILER_GLOBAL_ACCENT_COLOR_NAME = AccentColor;
				CODE_SIGN_STYLE = Automatic;
				CURRENT_PROJECT_VERSION = 1;
				DEVELOPMENT_TEAM = SC3D86JVL3;
				GENERATE_INFOPLIST_FILE = YES;
				INFOPLIST_FILE = EssentialApp/Info.plist;
				INFOPLIST_KEY_UIApplicationSupportsIndirectInputEvents = YES;
				INFOPLIST_KEY_UILaunchStoryboardName = LaunchScreen;
				INFOPLIST_KEY_UISupportedInterfaceOrientations = UIInterfaceOrientationPortrait;
				LD_RUNPATH_SEARCH_PATHS = (
					"$(inherited)",
					"@executable_path/Frameworks",
				);
				MARKETING_VERSION = 1.0;
				PRODUCT_BUNDLE_IDENTIFIER = com.afsal.EssentialFeed.EssentialApp;
				PRODUCT_NAME = "$(TARGET_NAME)";
				SWIFT_EMIT_LOC_STRINGS = YES;
				SWIFT_VERSION = 5.0;
				TARGETED_DEVICE_FAMILY = "1,2";
			};
			name = Debug;
		};
		F4D2AEC52B860E9600E73F73 /* Release */ = {
			isa = XCBuildConfiguration;
			buildSettings = {
				ASSETCATALOG_COMPILER_APPICON_NAME = AppIcon;
				ASSETCATALOG_COMPILER_GLOBAL_ACCENT_COLOR_NAME = AccentColor;
				CODE_SIGN_STYLE = Automatic;
				CURRENT_PROJECT_VERSION = 1;
				DEVELOPMENT_TEAM = SC3D86JVL3;
				GENERATE_INFOPLIST_FILE = YES;
				INFOPLIST_FILE = EssentialApp/Info.plist;
				INFOPLIST_KEY_UIApplicationSupportsIndirectInputEvents = YES;
				INFOPLIST_KEY_UILaunchStoryboardName = LaunchScreen;
				INFOPLIST_KEY_UISupportedInterfaceOrientations = UIInterfaceOrientationPortrait;
				LD_RUNPATH_SEARCH_PATHS = (
					"$(inherited)",
					"@executable_path/Frameworks",
				);
				MARKETING_VERSION = 1.0;
				PRODUCT_BUNDLE_IDENTIFIER = com.afsal.EssentialFeed.EssentialApp;
				PRODUCT_NAME = "$(TARGET_NAME)";
				SWIFT_EMIT_LOC_STRINGS = YES;
				SWIFT_VERSION = 5.0;
				TARGETED_DEVICE_FAMILY = "1,2";
			};
			name = Release;
		};
/* End XCBuildConfiguration section */

/* Begin XCConfigurationList section */
		F4562A4D2B866030001FDEFA /* Build configuration list for PBXNativeTarget "EssentialAppTests" */ = {
			isa = XCConfigurationList;
			buildConfigurations = (
				F4562A4E2B866030001FDEFA /* Debug */,
				F4562A4F2B866030001FDEFA /* Release */,
			);
			defaultConfigurationIsVisible = 0;
			defaultConfigurationName = Release;
		};
		F4D2AEAA2B860E9300E73F73 /* Build configuration list for PBXProject "EssentialApp" */ = {
			isa = XCConfigurationList;
			buildConfigurations = (
				F4D2AEC12B860E9600E73F73 /* Debug */,
				F4D2AEC22B860E9600E73F73 /* Release */,
			);
			defaultConfigurationIsVisible = 0;
			defaultConfigurationName = Release;
		};
		F4D2AEC32B860E9600E73F73 /* Build configuration list for PBXNativeTarget "EssentialApp" */ = {
			isa = XCConfigurationList;
			buildConfigurations = (
				F4D2AEC42B860E9600E73F73 /* Debug */,
				F4D2AEC52B860E9600E73F73 /* Release */,
			);
			defaultConfigurationIsVisible = 0;
			defaultConfigurationName = Release;
		};
/* End XCConfigurationList section */
	};
	rootObject = F4D2AEA72B860E9300E73F73 /* Project object */;
}
